// !$*UTF8*$!
{
	archiveVersion = 1;
	classes = {
	};
	objectVersion = 46;
	objects = {

/* Begin PBXBuildFile section */
		01A36FC716FC21A00047C96A /* Cocoa.framework in Frameworks */ = {isa = PBXBuildFile; fileRef = 01A36FC616FC21A00047C96A /* Cocoa.framework */; };
		01A36FD116FC21A00047C96A /* InfoPlist.strings in Resources */ = {isa = PBXBuildFile; fileRef = 01A36FCF16FC21A00047C96A /* InfoPlist.strings */; };
		01A36FD316FC21A00047C96A /* main.m in Sources */ = {isa = PBXBuildFile; fileRef = 01A36FD216FC21A00047C96A /* main.m */; };
		01A36FD716FC21A00047C96A /* Credits.rtf in Resources */ = {isa = PBXBuildFile; fileRef = 01A36FD516FC21A00047C96A /* Credits.rtf */; };
		01A36FDA16FC21A00047C96A /* AppDelegate.m in Sources */ = {isa = PBXBuildFile; fileRef = 01A36FD916FC21A00047C96A /* AppDelegate.m */; };
		01A36FDD16FC21A00047C96A /* MainMenu.xib in Resources */ = {isa = PBXBuildFile; fileRef = 01A36FDB16FC21A00047C96A /* MainMenu.xib */; };
		01A36FF416FC353C0047C96A /* AudioToolbox.framework in Frameworks */ = {isa = PBXBuildFile; fileRef = 01A36FF216FC348D0047C96A /* AudioToolbox.framework */; };
		01A36FF516FC35460047C96A /* Security.framework in Frameworks */ = {isa = PBXBuildFile; fileRef = 01A36FF016FC34800047C96A /* Security.framework */; };
		01A36FF616FC354E0047C96A /* SoundCloudAPI.framework in Frameworks */ = {isa = PBXBuildFile; fileRef = 01A36FEA16FC23410047C96A /* SoundCloudAPI.framework */; };
		01A36FFB16FC40740047C96A /* OAuth2Client.framework in Frameworks */ = {isa = PBXBuildFile; fileRef = 01A36FF916FC40650047C96A /* OAuth2Client.framework */; };
/* End PBXBuildFile section */

/* Begin PBXContainerItemProxy section */
		01A36FE916FC23410047C96A /* PBXContainerItemProxy */ = {
			isa = PBXContainerItemProxy;
			containerPortal = 01A36FE316FC23410047C96A /* SoundCloudAPI.xcodeproj */;
			proxyType = 2;
			remoteGlobalIDString = 94535F86123FAFDF00BD668A;
			remoteInfo = SoundCloudAPI.framework;
		};
		01A36FEB16FC23410047C96A /* PBXContainerItemProxy */ = {
			isa = PBXContainerItemProxy;
			containerPortal = 01A36FE316FC23410047C96A /* SoundCloudAPI.xcodeproj */;
			proxyType = 2;
			remoteGlobalIDString = D2AAC07E0554694100DB518D;
			remoteInfo = SoundCloudAPI;
		};
/* End PBXContainerItemProxy section */

/* Begin PBXFileReference section */
		01A36FC316FC21A00047C96A /* CloudBank.app */ = {isa = PBXFileReference; explicitFileType = wrapper.application; includeInIndex = 0; path = CloudBank.app; sourceTree = BUILT_PRODUCTS_DIR; };
		01A36FC616FC21A00047C96A /* Cocoa.framework */ = {isa = PBXFileReference; lastKnownFileType = wrapper.framework; name = Cocoa.framework; path = System/Library/Frameworks/Cocoa.framework; sourceTree = SDKROOT; };
		01A36FC916FC21A00047C96A /* AppKit.framework */ = {isa = PBXFileReference; lastKnownFileType = wrapper.framework; name = AppKit.framework; path = System/Library/Frameworks/AppKit.framework; sourceTree = SDKROOT; };
		01A36FCA16FC21A00047C96A /* CoreData.framework */ = {isa = PBXFileReference; lastKnownFileType = wrapper.framework; name = CoreData.framework; path = System/Library/Frameworks/CoreData.framework; sourceTree = SDKROOT; };
		01A36FCB16FC21A00047C96A /* Foundation.framework */ = {isa = PBXFileReference; lastKnownFileType = wrapper.framework; name = Foundation.framework; path = System/Library/Frameworks/Foundation.framework; sourceTree = SDKROOT; };
		01A36FCE16FC21A00047C96A /* CloudBank-Info.plist */ = {isa = PBXFileReference; lastKnownFileType = text.plist.xml; path = "CloudBank-Info.plist"; sourceTree = "<group>"; };
		01A36FD016FC21A00047C96A /* en */ = {isa = PBXFileReference; lastKnownFileType = text.plist.strings; name = en; path = en.lproj/InfoPlist.strings; sourceTree = "<group>"; };
		01A36FD216FC21A00047C96A /* main.m */ = {isa = PBXFileReference; lastKnownFileType = sourcecode.c.objc; path = main.m; sourceTree = "<group>"; };
		01A36FD416FC21A00047C96A /* CloudBank-Prefix.pch */ = {isa = PBXFileReference; lastKnownFileType = sourcecode.c.h; path = "CloudBank-Prefix.pch"; sourceTree = "<group>"; };
		01A36FD616FC21A00047C96A /* en */ = {isa = PBXFileReference; lastKnownFileType = text.rtf; name = en; path = en.lproj/Credits.rtf; sourceTree = "<group>"; };
		01A36FD816FC21A00047C96A /* AppDelegate.h */ = {isa = PBXFileReference; lastKnownFileType = sourcecode.c.h; path = AppDelegate.h; sourceTree = "<group>"; };
		01A36FD916FC21A00047C96A /* AppDelegate.m */ = {isa = PBXFileReference; lastKnownFileType = sourcecode.c.objc; path = AppDelegate.m; sourceTree = "<group>"; };
		01A36FDC16FC21A00047C96A /* en */ = {isa = PBXFileReference; lastKnownFileType = file.xib; name = en; path = en.lproj/MainMenu.xib; sourceTree = "<group>"; };
		01A36FE316FC23410047C96A /* SoundCloudAPI.xcodeproj */ = {isa = PBXFileReference; lastKnownFileType = "wrapper.pb-project"; name = SoundCloudAPI.xcodeproj; path = ../SoundCloudAPI/SoundCloudAPI.xcodeproj; sourceTree = "<group>"; };
		01A36FF016FC34800047C96A /* Security.framework */ = {isa = PBXFileReference; lastKnownFileType = wrapper.framework; name = Security.framework; path = System/Library/Frameworks/Security.framework; sourceTree = SDKROOT; };
		01A36FF216FC348D0047C96A /* AudioToolbox.framework */ = {isa = PBXFileReference; lastKnownFileType = wrapper.framework; name = AudioToolbox.framework; path = System/Library/Frameworks/AudioToolbox.framework; sourceTree = SDKROOT; };
		01A36FF916FC40650047C96A /* OAuth2Client.framework */ = {isa = PBXFileReference; lastKnownFileType = wrapper.framework; name = OAuth2Client.framework; path = "../../../Library/Developer/Xcode/DerivedData/CloudBank-ggdsylmkyuzytbcxcykwknnrucdc/Build/Products/Debug/OAuth2Client.framework"; sourceTree = "<group>"; };
/* End PBXFileReference section */

/* Begin PBXFrameworksBuildPhase section */
		01A36FC016FC219F0047C96A /* Frameworks */ = {
			isa = PBXFrameworksBuildPhase;
			buildActionMask = 2147483647;
			files = (
				01A36FFB16FC40740047C96A /* OAuth2Client.framework in Frameworks */,
				01A36FF616FC354E0047C96A /* SoundCloudAPI.framework in Frameworks */,
				01A36FF516FC35460047C96A /* Security.framework in Frameworks */,
				01A36FF416FC353C0047C96A /* AudioToolbox.framework in Frameworks */,
				01A36FC716FC21A00047C96A /* Cocoa.framework in Frameworks */,
			);
			runOnlyForDeploymentPostprocessing = 0;
		};
/* End PBXFrameworksBuildPhase section */

/* Begin PBXGroup section */
		01A36FBA16FC219F0047C96A = {
			isa = PBXGroup;
			children = (
				01A36FE316FC23410047C96A /* SoundCloudAPI.xcodeproj */,
				01A36FCC16FC21A00047C96A /* CloudBank */,
				01A36FC516FC21A00047C96A /* Frameworks */,
				01A36FC416FC21A00047C96A /* Products */,
			);
			sourceTree = "<group>";
		};
		01A36FC416FC21A00047C96A /* Products */ = {
			isa = PBXGroup;
			children = (
				01A36FC316FC21A00047C96A /* CloudBank.app */,
			);
			name = Products;
			sourceTree = "<group>";
		};
		01A36FC516FC21A00047C96A /* Frameworks */ = {
			isa = PBXGroup;
			children = (
				01A36FF916FC40650047C96A /* OAuth2Client.framework */,
				01A36FF216FC348D0047C96A /* AudioToolbox.framework */,
				01A36FF016FC34800047C96A /* Security.framework */,
				01A36FC616FC21A00047C96A /* Cocoa.framework */,
				01A36FC816FC21A00047C96A /* Other Frameworks */,
			);
			name = Frameworks;
			sourceTree = "<group>";
		};
		01A36FC816FC21A00047C96A /* Other Frameworks */ = {
			isa = PBXGroup;
			children = (
				01A36FC916FC21A00047C96A /* AppKit.framework */,
				01A36FCA16FC21A00047C96A /* CoreData.framework */,
				01A36FCB16FC21A00047C96A /* Foundation.framework */,
			);
			name = "Other Frameworks";
			sourceTree = "<group>";
		};
		01A36FCC16FC21A00047C96A /* CloudBank */ = {
			isa = PBXGroup;
			children = (
				01A36FD816FC21A00047C96A /* AppDelegate.h */,
				01A36FD916FC21A00047C96A /* AppDelegate.m */,
				01A36FDB16FC21A00047C96A /* MainMenu.xib */,
				01A36FCD16FC21A00047C96A /* Supporting Files */,
			);
			path = CloudBank;
			sourceTree = "<group>";
		};
		01A36FCD16FC21A00047C96A /* Supporting Files */ = {
			isa = PBXGroup;
			children = (
				01A36FCE16FC21A00047C96A /* CloudBank-Info.plist */,
				01A36FCF16FC21A00047C96A /* InfoPlist.strings */,
				01A36FD216FC21A00047C96A /* main.m */,
				01A36FD416FC21A00047C96A /* CloudBank-Prefix.pch */,
				01A36FD516FC21A00047C96A /* Credits.rtf */,
			);
			name = "Supporting Files";
			sourceTree = "<group>";
		};
		01A36FE416FC23410047C96A /* Products */ = {
			isa = PBXGroup;
			children = (
				01A36FEA16FC23410047C96A /* SoundCloudAPI.framework */,
				01A36FEC16FC23410047C96A /* libSoundCloudAPI.a */,
			);
			name = Products;
			sourceTree = "<group>";
		};
/* End PBXGroup section */

/* Begin PBXNativeTarget section */
		01A36FC216FC219F0047C96A /* CloudBank */ = {
			isa = PBXNativeTarget;
			buildConfigurationList = 01A36FE016FC21A00047C96A /* Build configuration list for PBXNativeTarget "CloudBank" */;
			buildPhases = (
				01A36FBF16FC219F0047C96A /* Sources */,
				01A36FC016FC219F0047C96A /* Frameworks */,
				01A36FC116FC219F0047C96A /* Resources */,
			);
			buildRules = (
			);
			dependencies = (
			);
			name = CloudBank;
			productName = CloudBank;
			productReference = 01A36FC316FC21A00047C96A /* CloudBank.app */;
			productType = "com.apple.product-type.application";
		};
/* End PBXNativeTarget section */

/* Begin PBXProject section */
		01A36FBB16FC219F0047C96A /* Project object */ = {
			isa = PBXProject;
			attributes = {
				LastUpgradeCheck = 0460;
				ORGANIZATIONNAME = "Nick Brice";
			};
			buildConfigurationList = 01A36FBE16FC219F0047C96A /* Build configuration list for PBXProject "CloudBank" */;
			compatibilityVersion = "Xcode 3.2";
			developmentRegion = English;
			hasScannedForEncodings = 0;
			knownRegions = (
				en,
			);
			mainGroup = 01A36FBA16FC219F0047C96A;
			productRefGroup = 01A36FC416FC21A00047C96A /* Products */;
			projectDirPath = "";
			projectReferences = (
				{
					ProductGroup = 01A36FE416FC23410047C96A /* Products */;
					ProjectRef = 01A36FE316FC23410047C96A /* SoundCloudAPI.xcodeproj */;
				},
			);
			projectRoot = "";
			targets = (
				01A36FC216FC219F0047C96A /* CloudBank */,
			);
		};
/* End PBXProject section */

/* Begin PBXReferenceProxy section */
		01A36FEA16FC23410047C96A /* SoundCloudAPI.framework */ = {
			isa = PBXReferenceProxy;
			fileType = wrapper.framework;
			path = SoundCloudAPI.framework;
			remoteRef = 01A36FE916FC23410047C96A /* PBXContainerItemProxy */;
			sourceTree = BUILT_PRODUCTS_DIR;
		};
		01A36FEC16FC23410047C96A /* libSoundCloudAPI.a */ = {
			isa = PBXReferenceProxy;
			fileType = archive.ar;
			path = libSoundCloudAPI.a;
			remoteRef = 01A36FEB16FC23410047C96A /* PBXContainerItemProxy */;
			sourceTree = BUILT_PRODUCTS_DIR;
		};
/* End PBXReferenceProxy section */

/* Begin PBXResourcesBuildPhase section */
		01A36FC116FC219F0047C96A /* Resources */ = {
			isa = PBXResourcesBuildPhase;
			buildActionMask = 2147483647;
			files = (
				01A36FD116FC21A00047C96A /* InfoPlist.strings in Resources */,
				01A36FD716FC21A00047C96A /* Credits.rtf in Resources */,
				01A36FDD16FC21A00047C96A /* MainMenu.xib in Resources */,
			);
			runOnlyForDeploymentPostprocessing = 0;
		};
/* End PBXResourcesBuildPhase section */

/* Begin PBXSourcesBuildPhase section */
		01A36FBF16FC219F0047C96A /* Sources */ = {
			isa = PBXSourcesBuildPhase;
			buildActionMask = 2147483647;
			files = (
				01A36FD316FC21A00047C96A /* main.m in Sources */,
				01A36FDA16FC21A00047C96A /* AppDelegate.m in Sources */,
			);
			runOnlyForDeploymentPostprocessing = 0;
		};
/* End PBXSourcesBuildPhase section */

/* Begin PBXVariantGroup section */
		01A36FCF16FC21A00047C96A /* InfoPlist.strings */ = {
			isa = PBXVariantGroup;
			children = (
				01A36FD016FC21A00047C96A /* en */,
			);
			name = InfoPlist.strings;
			sourceTree = "<group>";
		};
		01A36FD516FC21A00047C96A /* Credits.rtf */ = {
			isa = PBXVariantGroup;
			children = (
				01A36FD616FC21A00047C96A /* en */,
			);
			name = Credits.rtf;
			sourceTree = "<group>";
		};
		01A36FDB16FC21A00047C96A /* MainMenu.xib */ = {
			isa = PBXVariantGroup;
			children = (
				01A36FDC16FC21A00047C96A /* en */,
			);
			name = MainMenu.xib;
			sourceTree = "<group>";
		};
/* End PBXVariantGroup section */

/* Begin XCBuildConfiguration section */
		01A36FDE16FC21A00047C96A /* Debug */ = {
			isa = XCBuildConfiguration;
			buildSettings = {
				ALWAYS_SEARCH_USER_PATHS = NO;
				ARCHS = "$(ARCHS_STANDARD_64_BIT)";
				CLANG_CXX_LANGUAGE_STANDARD = "gnu++0x";
				CLANG_CXX_LIBRARY = "libc++";
				CLANG_ENABLE_OBJC_ARC = YES;
				CLANG_WARN_CONSTANT_CONVERSION = YES;
				CLANG_WARN_EMPTY_BODY = YES;
				CLANG_WARN_ENUM_CONVERSION = YES;
				CLANG_WARN_INT_CONVERSION = YES;
				CLANG_WARN__DUPLICATE_METHOD_MATCH = YES;
				COPY_PHASE_STRIP = NO;
				GCC_C_LANGUAGE_STANDARD = gnu99;
				GCC_DYNAMIC_NO_PIC = NO;
				GCC_ENABLE_OBJC_EXCEPTIONS = YES;
				GCC_OPTIMIZATION_LEVEL = 0;
				GCC_PREPROCESSOR_DEFINITIONS = (
					"DEBUG=1",
					"$(inherited)",
				);
				GCC_SYMBOLS_PRIVATE_EXTERN = NO;
				GCC_WARN_64_TO_32_BIT_CONVERSION = YES;
				GCC_WARN_ABOUT_RETURN_TYPE = YES;
				GCC_WARN_UNINITIALIZED_AUTOS = YES;
				GCC_WARN_UNUSED_VARIABLE = YES;
				MACOSX_DEPLOYMENT_TARGET = 10.8;
				ONLY_ACTIVE_ARCH = YES;
				SDKROOT = macosx;
			};
			name = Debug;
		};
		01A36FDF16FC21A00047C96A /* Release */ = {
			isa = XCBuildConfiguration;
			buildSettings = {
				ALWAYS_SEARCH_USER_PATHS = NO;
				ARCHS = "$(ARCHS_STANDARD_64_BIT)";
				CLANG_CXX_LANGUAGE_STANDARD = "gnu++0x";
				CLANG_CXX_LIBRARY = "libc++";
				CLANG_ENABLE_OBJC_ARC = YES;
				CLANG_WARN_CONSTANT_CONVERSION = YES;
				CLANG_WARN_EMPTY_BODY = YES;
				CLANG_WARN_ENUM_CONVERSION = YES;
				CLANG_WARN_INT_CONVERSION = YES;
				CLANG_WARN__DUPLICATE_METHOD_MATCH = YES;
				COPY_PHASE_STRIP = YES;
				DEBUG_INFORMATION_FORMAT = "dwarf-with-dsym";
				GCC_C_LANGUAGE_STANDARD = gnu99;
				GCC_ENABLE_OBJC_EXCEPTIONS = YES;
				GCC_WARN_64_TO_32_BIT_CONVERSION = YES;
				GCC_WARN_ABOUT_RETURN_TYPE = YES;
				GCC_WARN_UNINITIALIZED_AUTOS = YES;
				GCC_WARN_UNUSED_VARIABLE = YES;
				MACOSX_DEPLOYMENT_TARGET = 10.8;
				SDKROOT = macosx;
			};
			name = Release;
		};
		01A36FE116FC21A00047C96A /* Debug */ = {
			isa = XCBuildConfiguration;
			buildSettings = {
				COMBINE_HIDPI_IMAGES = YES;
				FRAMEWORK_SEARCH_PATHS = (
					"$(inherited)",
					"\"$(SRCROOT)/../../../Library/Developer/Xcode/DerivedData/CloudBank-ggdsylmkyuzytbcxcykwknnrucdc/Build/Products/Debug\"",
				);
				GCC_PRECOMPILE_PREFIX_HEADER = YES;
				GCC_PREFIX_HEADER = "CloudBank/CloudBank-Prefix.pch";
				HEADER_SEARCH_PATHS = "SoundCloudAPI/**";
				INFOPLIST_FILE = "CloudBank/CloudBank-Info.plist";
				OTHER_LDFLAGS = (
					"-all_load",
					"-ObjC",
				);
				PRODUCT_NAME = "$(TARGET_NAME)";
				WRAPPER_EXTENSION = app;
			};
			name = Debug;
		};
		01A36FE216FC21A00047C96A /* Release */ = {
			isa = XCBuildConfiguration;
			buildSettings = {
				COMBINE_HIDPI_IMAGES = YES;
				FRAMEWORK_SEARCH_PATHS = (
					"$(inherited)",
					"\"$(SRCROOT)/../../../Library/Developer/Xcode/DerivedData/CloudBank-ggdsylmkyuzytbcxcykwknnrucdc/Build/Products/Debug\"",
				);
				GCC_PRECOMPILE_PREFIX_HEADER = YES;
				GCC_PREFIX_HEADER = "CloudBank/CloudBank-Prefix.pch";
				HEADER_SEARCH_PATHS = "SoundCloudAPI/**";
				INFOPLIST_FILE = "CloudBank/CloudBank-Info.plist";
				OTHER_LDFLAGS = (
					"-all_load",
					"-ObjC",
				);
				PRODUCT_NAME = "$(TARGET_NAME)";
				WRAPPER_EXTENSION = app;
			};
			name = Release;
		};
/* End XCBuildConfiguration section */

/* Begin XCConfigurationList section */
		01A36FBE16FC219F0047C96A /* Build configuration list for PBXProject "CloudBank" */ = {
			isa = XCConfigurationList;
			buildConfigurations = (
				01A36FDE16FC21A00047C96A /* Debug */,
				01A36FDF16FC21A00047C96A /* Release */,
			);
			defaultConfigurationIsVisible = 0;
			defaultConfigurationName = Release;
		};
		01A36FE016FC21A00047C96A /* Build configuration list for PBXNativeTarget "CloudBank" */ = {
			isa = XCConfigurationList;
			buildConfigurations = (
				01A36FE116FC21A00047C96A /* Debug */,
				01A36FE216FC21A00047C96A /* Release */,
			);
			defaultConfigurationIsVisible = 0;
		};
/* End XCConfigurationList section */
	};
	rootObject = 01A36FBB16FC219F0047C96A /* Project object */;
}
